
Microsoft Visual Studio Solution File, Format Version 12.00
# Visual Studio 15
VisualStudioVersion = 15.0.28010.2046
MinimumVisualStudioVersion = 10.0.40219.1
Project("{FAE04EC0-301F-11D3-BF4B-00C04F79EFBC}") = "UserLogin", "UserLogin\UserLogin.csproj", "{8BCB0E3E-3FFD-4A68-A4D3-F7C56F51C34C}"
EndProject
Project("{FAE04EC0-301F-11D3-BF4B-00C04F79EFBC}") = "StudentRepository", "StudentRepository\StudentRepository.csproj", "{E27A4B02-1F7E-40AB-A2B4-1804FF3A6C7D}"
EndProject
Project("{FAE04EC0-301F-11D3-BF4B-00C04F79EFBC}") = "StudentInfoSystem", "StudentInfoSystem\StudentInfoSystem.csproj", "{71FBB6DD-391B-4D05-BE97-0EE3ACCEB3AB}"
EndProject
Project("{FAE04EC0-301F-11D3-BF4B-00C04F79EFBC}") = "WPFhello", "WPFhello\WPFhello.csproj", "{C0C4710E-6AF3-4114-9968-137E731E3ACE}"
EndProject
Project("{FAE04EC0-301F-11D3-BF4B-00C04F79EFBC}") = "ExpenseIt", "ExpenseIt\ExpenseIt.csproj", "{792F0950-6CD3-4B5D-A8C7-5A9C38118576}"
EndProject
Global
	GlobalSection(SolutionConfigurationPlatforms) = preSolution
		Debug|Any CPU = Debug|Any CPU
		Debug|x64 = Debug|x64
		Debug|x86 = Debug|x86
		Release|Any CPU = Release|Any CPU
		Release|x64 = Release|x64
		Release|x86 = Release|x86
	EndGlobalSection
	GlobalSection(ProjectConfigurationPlatforms) = postSolution
		{8BCB0E3E-3FFD-4A68-A4D3-F7C56F51C34C}.Debug|Any CPU.ActiveCfg = Debug|Any CPU
		{8BCB0E3E-3FFD-4A68-A4D3-F7C56F51C34C}.Debug|Any CPU.Build.0 = Debug|Any CPU
		{8BCB0E3E-3FFD-4A68-A4D3-F7C56F51C34C}.Debug|x64.ActiveCfg = Debug|Any CPU
		{8BCB0E3E-3FFD-4A68-A4D3-F7C56F51C34C}.Debug|x64.Build.0 = Debug|Any CPU
		{8BCB0E3E-3FFD-4A68-A4D3-F7C56F51C34C}.Debug|x86.ActiveCfg = Debug|Any CPU
		{8BCB0E3E-3FFD-4A68-A4D3-F7C56F51C34C}.Debug|x86.Build.0 = Debug|Any CPU
		{8BCB0E3E-3FFD-4A68-A4D3-F7C56F51C34C}.Release|Any CPU.ActiveCfg = Release|Any CPU
		{8BCB0E3E-3FFD-4A68-A4D3-F7C56F51C34C}.Release|Any CPU.Build.0 = Release|Any CPU
		{8BCB0E3E-3FFD-4A68-A4D3-F7C56F51C34C}.Release|x64.ActiveCfg = Release|Any CPU
		{8BCB0E3E-3FFD-4A68-A4D3-F7C56F51C34C}.Release|x64.Build.0 = Release|Any CPU
		{8BCB0E3E-3FFD-4A68-A4D3-F7C56F51C34C}.Release|x86.ActiveCfg = Release|Any CPU
		{8BCB0E3E-3FFD-4A68-A4D3-F7C56F51C34C}.Release|x86.Build.0 = Release|Any CPU
		{E27A4B02-1F7E-40AB-A2B4-1804FF3A6C7D}.Debug|Any CPU.ActiveCfg = Debug|Any CPU
		{E27A4B02-1F7E-40AB-A2B4-1804FF3A6C7D}.Debug|Any CPU.Build.0 = Debug|Any CPU
		{E27A4B02-1F7E-40AB-A2B4-1804FF3A6C7D}.Debug|x64.ActiveCfg = Debug|Any CPU
		{E27A4B02-1F7E-40AB-A2B4-1804FF3A6C7D}.Debug|x64.Build.0 = Debug|Any CPU
		{E27A4B02-1F7E-40AB-A2B4-1804FF3A6C7D}.Debug|x86.ActiveCfg = Debug|Any CPU
		{E27A4B02-1F7E-40AB-A2B4-1804FF3A6C7D}.Debug|x86.Build.0 = Debug|Any CPU
		{E27A4B02-1F7E-40AB-A2B4-1804FF3A6C7D}.Release|Any CPU.ActiveCfg = Release|Any CPU
		{E27A4B02-1F7E-40AB-A2B4-1804FF3A6C7D}.Release|Any CPU.Build.0 = Release|Any CPU
		{E27A4B02-1F7E-40AB-A2B4-1804FF3A6C7D}.Release|x64.ActiveCfg = Release|Any CPU
		{E27A4B02-1F7E-40AB-A2B4-1804FF3A6C7D}.Release|x64.Build.0 = Release|Any CPU
		{E27A4B02-1F7E-40AB-A2B4-1804FF3A6C7D}.Release|x86.ActiveCfg = Release|Any CPU
		{E27A4B02-1F7E-40AB-A2B4-1804FF3A6C7D}.Release|x86.Build.0 = Release|Any CPU
		{71FBB6DD-391B-4D05-BE97-0EE3ACCEB3AB}.Debug|Any CPU.ActiveCfg = Debug|Any CPU
		{71FBB6DD-391B-4D05-BE97-0EE3ACCEB3AB}.Debug|Any CPU.Build.0 = Debug|Any CPU
		{71FBB6DD-391B-4D05-BE97-0EE3ACCEB3AB}.Debug|x64.ActiveCfg = Debug|Any CPU
		{71FBB6DD-391B-4D05-BE97-0EE3ACCEB3AB}.Debug|x64.Build.0 = Debug|Any CPU
		{71FBB6DD-391B-4D05-BE97-0EE3ACCEB3AB}.Debug|x86.ActiveCfg = Debug|Any CPU
		{71FBB6DD-391B-4D05-BE97-0EE3ACCEB3AB}.Debug|x86.Build.0 = Debug|Any CPU
		{71FBB6DD-391B-4D05-BE97-0EE3ACCEB3AB}.Release|Any CPU.ActiveCfg = Release|Any CPU
		{71FBB6DD-391B-4D05-BE97-0EE3ACCEB3AB}.Release|Any CPU.Build.0 = Release|Any CPU
		{71FBB6DD-391B-4D05-BE97-0EE3ACCEB3AB}.Release|x64.ActiveCfg = Release|Any CPU
		{71FBB6DD-391B-4D05-BE97-0EE3ACCEB3AB}.Release|x64.Build.0 = Release|Any CPU
		{71FBB6DD-391B-4D05-BE97-0EE3ACCEB3AB}.Release|x86.ActiveCfg = Release|Any CPU
		{71FBB6DD-391B-4D05-BE97-0EE3ACCEB3AB}.Release|x86.Build.0 = Release|Any CPU
		{C0C4710E-6AF3-4114-9968-137E731E3ACE}.Debug|Any CPU.ActiveCfg = Debug|Any CPU
		{C0C4710E-6AF3-4114-9968-137E731E3ACE}.Debug|Any CPU.Build.0 = Debug|Any CPU
		{C0C4710E-6AF3-4114-9968-137E731E3ACE}.Debug|x64.ActiveCfg = Debug|Any CPU
		{C0C4710E-6AF3-4114-9968-137E731E3ACE}.Debug|x64.Build.0 = Debug|Any CPU
		{C0C4710E-6AF3-4114-9968-137E731E3ACE}.Debug|x86.ActiveCfg = Debug|Any CPU
		{C0C4710E-6AF3-4114-9968-137E731E3ACE}.Debug|x86.Build.0 = Debug|Any CPU
		{C0C4710E-6AF3-4114-9968-137E731E3ACE}.Release|Any CPU.ActiveCfg = Release|Any CPU
		{C0C4710E-6AF3-4114-9968-137E731E3ACE}.Release|Any CPU.Build.0 = Release|Any CPU
		{C0C4710E-6AF3-4114-9968-137E731E3ACE}.Release|x64.ActiveCfg = Release|Any CPU
		{C0C4710E-6AF3-4114-9968-137E731E3ACE}.Release|x64.Build.0 = Release|Any CPU
		{C0C4710E-6AF3-4114-9968-137E731E3ACE}.Release|x86.ActiveCfg = Release|Any CPU
		{C0C4710E-6AF3-4114-9968-137E731E3ACE}.Release|x86.Build.0 = Release|Any CPU
		{792F0950-6CD3-4B5D-A8C7-5A9C38118576}.Debug|Any CPU.ActiveCfg = Debug|Any CPU
		{792F0950-6CD3-4B5D-A8C7-5A9C38118576}.Debug|Any CPU.Build.0 = Debug|Any CPU
		{792F0950-6CD3-4B5D-A8C7-5A9C38118576}.Debug|x64.ActiveCfg = Debug|Any CPU
		{792F0950-6CD3-4B5D-A8C7-5A9C38118576}.Debug|x64.Build.0 = Debug|Any CPU
		{792F0950-6CD3-4B5D-A8C7-5A9C38118576}.Debug|x86.ActiveCfg = Debug|Any CPU
		{792F0950-6CD3-4B5D-A8C7-5A9C38118576}.Debug|x86.Build.0 = Debug|Any CPU
		{792F0950-6CD3-4B5D-A8C7-5A9C38118576}.Release|Any CPU.ActiveCfg = Release|Any CPU
		{792F0950-6CD3-4B5D-A8C7-5A9C38118576}.Release|Any CPU.Build.0 = Release|Any CPU
		{792F0950-6CD3-4B5D-A8C7-5A9C38118576}.Release|x64.ActiveCfg = Release|Any CPU
		{792F0950-6CD3-4B5D-A8C7-5A9C38118576}.Release|x64.Build.0 = Release|Any CPU
		{792F0950-6CD3-4B5D-A8C7-5A9C38118576}.Release|x86.ActiveCfg = Release|Any CPU
		{792F0950-6CD3-4B5D-A8C7-5A9C38118576}.Release|x86.Build.0 = Release|Any CPU
	EndGlobalSection
	GlobalSection(SolutionProperties) = preSolution
		HideSolutionNode = FALSE
	EndGlobalSection
	GlobalSection(ExtensibilityGlobals) = postSolution
		SolutionGuid = {B129DAAD-14BE-48DB-B124-7DCA619B1807}
	EndGlobalSection
EndGlobal
