
Microsoft Visual Studio Solution File, Format Version 12.00
# Visual Studio 15
VisualStudioVersion = 15.0.28010.2046
MinimumVisualStudioVersion = 10.0.40219.1
Project("{FAE04EC0-301F-11D3-BF4B-00C04F79EFBC}") = "UserLogin", "UserLogin\UserLogin.csproj", "{8BCB0E3E-3FFD-4A68-A4D3-F7C56F51C34C}"
EndProject
Project("{FAE04EC0-301F-11D3-BF4B-00C04F79EFBC}") = "StudentRepository", "StudentRepository\StudentRepository.csproj", "{E27A4B02-1F7E-40AB-A2B4-1804FF3A6C7D}"
EndProject
Global
	GlobalSection(SolutionConfigurationPlatforms) = preSolution
		Debug|Any CPU = Debug|Any CPU
		Debug|x64 = Debug|x64
		Debug|x86 = Debug|x86
		Release|Any CPU = Release|Any CPU
		Release|x64 = Release|x64
		Release|x86 = Release|x86
	EndGlobalSection
	GlobalSection(ProjectConfigurationPlatforms) = postSolution
		{8BCB0E3E-3FFD-4A68-A4D3-F7C56F51C34C}.Debug|Any CPU.ActiveCfg = Debug|Any CPU
		{8BCB0E3E-3FFD-4A68-A4D3-F7C56F51C34C}.Debug|Any CPU.Build.0 = Debug|Any CPU
		{8BCB0E3E-3FFD-4A68-A4D3-F7C56F51C34C}.Debug|x64.ActiveCfg = Debug|Any CPU
		{8BCB0E3E-3FFD-4A68-A4D3-F7C56F51C34C}.Debug|x64.Build.0 = Debug|Any CPU
		{8BCB0E3E-3FFD-4A68-A4D3-F7C56F51C34C}.Debug|x86.ActiveCfg = Debug|Any CPU
		{8BCB0E3E-3FFD-4A68-A4D3-F7C56F51C34C}.Debug|x86.Build.0 = Debug|Any CPU
		{8BCB0E3E-3FFD-4A68-A4D3-F7C56F51C34C}.Release|Any CPU.ActiveCfg = Release|Any CPU
		{8BCB0E3E-3FFD-4A68-A4D3-F7C56F51C34C}.Release|Any CPU.Build.0 = Release|Any CPU
		{8BCB0E3E-3FFD-4A68-A4D3-F7C56F51C34C}.Release|x64.ActiveCfg = Release|Any CPU
		{8BCB0E3E-3FFD-4A68-A4D3-F7C56F51C34C}.Release|x64.Build.0 = Release|Any CPU
		{8BCB0E3E-3FFD-4A68-A4D3-F7C56F51C34C}.Release|x86.ActiveCfg = Release|Any CPU
		{8BCB0E3E-3FFD-4A68-A4D3-F7C56F51C34C}.Release|x86.Build.0 = Release|Any CPU
		{E27A4B02-1F7E-40AB-A2B4-1804FF3A6C7D}.Debug|Any CPU.ActiveCfg = Debug|Any CPU
		{E27A4B02-1F7E-40AB-A2B4-1804FF3A6C7D}.Debug|Any CPU.Build.0 = Debug|Any CPU
		{E27A4B02-1F7E-40AB-A2B4-1804FF3A6C7D}.Debug|x64.ActiveCfg = Debug|Any CPU
		{E27A4B02-1F7E-40AB-A2B4-1804FF3A6C7D}.Debug|x64.Build.0 = Debug|Any CPU
		{E27A4B02-1F7E-40AB-A2B4-1804FF3A6C7D}.Debug|x86.ActiveCfg = Debug|Any CPU
		{E27A4B02-1F7E-40AB-A2B4-1804FF3A6C7D}.Debug|x86.Build.0 = Debug|Any CPU
		{E27A4B02-1F7E-40AB-A2B4-1804FF3A6C7D}.Release|Any CPU.ActiveCfg = Release|Any CPU
		{E27A4B02-1F7E-40AB-A2B4-1804FF3A6C7D}.Release|Any CPU.Build.0 = Release|Any CPU
		{E27A4B02-1F7E-40AB-A2B4-1804FF3A6C7D}.Release|x64.ActiveCfg = Release|Any CPU
		{E27A4B02-1F7E-40AB-A2B4-1804FF3A6C7D}.Release|x64.Build.0 = Release|Any CPU
		{E27A4B02-1F7E-40AB-A2B4-1804FF3A6C7D}.Release|x86.ActiveCfg = Release|Any CPU
		{E27A4B02-1F7E-40AB-A2B4-1804FF3A6C7D}.Release|x86.Build.0 = Release|Any CPU
	EndGlobalSection
	GlobalSection(SolutionProperties) = preSolution
		HideSolutionNode = FALSE
	EndGlobalSection
	GlobalSection(ExtensibilityGlobals) = postSolution
		SolutionGuid = {B129DAAD-14BE-48DB-B124-7DCA619B1807}
	EndGlobalSection
EndGlobal
